
Microsoft Visual Studio Solution File, Format Version 12.00
# Visual Studio Version 17
VisualStudioVersion = 17.4.33213.308
MinimumVisualStudioVersion = 10.0.40219.1
Project("{FAE04EC0-301F-11D3-BF4B-00C04F79EFBC}") = "Decorator", "Decorator\Decorator.csproj", "{48DCD8E3-6BE8-4FB1-999A-A4A364EE9881}"
EndProject
Global
	GlobalSection(SolutionConfigurationPlatforms) = preSolution
		Debug|Any CPU = Debug|Any CPU
		Release|Any CPU = Release|Any CPU
	EndGlobalSection
	GlobalSection(ProjectConfigurationPlatforms) = postSolution
		{48DCD8E3-6BE8-4FB1-999A-A4A364EE9881}.Debug|Any CPU.ActiveCfg = Debug|Any CPU
		{48DCD8E3-6BE8-4FB1-999A-A4A364EE9881}.Debug|Any CPU.Build.0 = Debug|Any CPU
		{48DCD8E3-6BE8-4FB1-999A-A4A364EE9881}.Release|Any CPU.ActiveCfg = Release|Any CPU
		{48DCD8E3-6BE8-4FB1-999A-A4A364EE9881}.Release|Any CPU.Build.0 = Release|Any CPU
	EndGlobalSection
	GlobalSection(SolutionProperties) = preSolution
		HideSolutionNode = FALSE
	EndGlobalSection
	GlobalSection(ExtensibilityGlobals) = postSolution
		SolutionGuid = {FD4907F6-E058-4796-B412-579D0DDD0D4F}
	EndGlobalSection
EndGlobal
